
Microsoft Visual Studio Solution File, Format Version 12.00
# Visual Studio Version 16
VisualStudioVersion = 16.0.30413.136
MinimumVisualStudioVersion = 10.0.40219.1
Project("{9A19103F-16F7-4668-BE54-9A1E7A4F7556}") = "BlazorSensorApp.Server", "Server\BlazorSensorApp.Server.csproj", "{F8FE6619-8D5F-417F-BCFA-667CD2B6BE13}"
EndProject
Project("{9A19103F-16F7-4668-BE54-9A1E7A4F7556}") = "BlazorSensorApp.Client", "Client\BlazorSensorApp.Client.csproj", "{7C70D79A-EEF3-454F-96F0-99B246899BF5}"
EndProject
Project("{9A19103F-16F7-4668-BE54-9A1E7A4F7556}") = "BlazorSensorApp.Shared", "Shared\BlazorSensorApp.Shared.csproj", "{E323BE7D-2675-4C95-90D2-3C3B663AB858}"
EndProject
Project("{9A19103F-16F7-4668-BE54-9A1E7A4F7556}") = "SimulatedSensorConsoleApp", "SimulatedSensorConsoleApp\SimulatedSensorConsoleApp.csproj", "{BCA4898F-75D0-4C81-8915-3115C4453C34}"
EndProject
Project("{9A19103F-16F7-4668-BE54-9A1E7A4F7556}") = "SimulatedSensorConsoleAppBME280", "SimulatedSensorConsoleBME280\SimulatedSensorConsoleAppBME280.csproj", "{1E2C0272-2022-424A-A6AE-24FDB5B8DB94}"
EndProject
Project("{9A19103F-16F7-4668-BE54-9A1E7A4F7556}") = "SimulatedSensorConsoleCPUCoreTemp", "SimulatedSensorConsoleCPUCoreTemp\SimulatedSensorConsoleCPUCoreTemp.csproj", "{7BE549A5-6B7E-4B93-829A-56347CB59891}"
EndProject
Global
	GlobalSection(SolutionConfigurationPlatforms) = preSolution
		Debug|Any CPU = Debug|Any CPU
		Release|Any CPU = Release|Any CPU
	EndGlobalSection
	GlobalSection(ProjectConfigurationPlatforms) = postSolution
		{F8FE6619-8D5F-417F-BCFA-667CD2B6BE13}.Debug|Any CPU.ActiveCfg = Debug|Any CPU
		{F8FE6619-8D5F-417F-BCFA-667CD2B6BE13}.Debug|Any CPU.Build.0 = Debug|Any CPU
		{F8FE6619-8D5F-417F-BCFA-667CD2B6BE13}.Release|Any CPU.ActiveCfg = Release|Any CPU
		{F8FE6619-8D5F-417F-BCFA-667CD2B6BE13}.Release|Any CPU.Build.0 = Release|Any CPU
		{7C70D79A-EEF3-454F-96F0-99B246899BF5}.Debug|Any CPU.ActiveCfg = Debug|Any CPU
		{7C70D79A-EEF3-454F-96F0-99B246899BF5}.Debug|Any CPU.Build.0 = Debug|Any CPU
		{7C70D79A-EEF3-454F-96F0-99B246899BF5}.Release|Any CPU.ActiveCfg = Release|Any CPU
		{7C70D79A-EEF3-454F-96F0-99B246899BF5}.Release|Any CPU.Build.0 = Release|Any CPU
		{E323BE7D-2675-4C95-90D2-3C3B663AB858}.Debug|Any CPU.ActiveCfg = Debug|Any CPU
		{E323BE7D-2675-4C95-90D2-3C3B663AB858}.Debug|Any CPU.Build.0 = Debug|Any CPU
		{E323BE7D-2675-4C95-90D2-3C3B663AB858}.Release|Any CPU.ActiveCfg = Release|Any CPU
		{E323BE7D-2675-4C95-90D2-3C3B663AB858}.Release|Any CPU.Build.0 = Release|Any CPU
		{BCA4898F-75D0-4C81-8915-3115C4453C34}.Debug|Any CPU.ActiveCfg = Debug|Any CPU
		{BCA4898F-75D0-4C81-8915-3115C4453C34}.Debug|Any CPU.Build.0 = Debug|Any CPU
		{BCA4898F-75D0-4C81-8915-3115C4453C34}.Release|Any CPU.ActiveCfg = Release|Any CPU
		{BCA4898F-75D0-4C81-8915-3115C4453C34}.Release|Any CPU.Build.0 = Release|Any CPU
		{1E2C0272-2022-424A-A6AE-24FDB5B8DB94}.Debug|Any CPU.ActiveCfg = Debug|Any CPU
		{1E2C0272-2022-424A-A6AE-24FDB5B8DB94}.Debug|Any CPU.Build.0 = Debug|Any CPU
		{1E2C0272-2022-424A-A6AE-24FDB5B8DB94}.Release|Any CPU.ActiveCfg = Release|Any CPU
		{1E2C0272-2022-424A-A6AE-24FDB5B8DB94}.Release|Any CPU.Build.0 = Release|Any CPU
		{7BE549A5-6B7E-4B93-829A-56347CB59891}.Debug|Any CPU.ActiveCfg = Debug|Any CPU
		{7BE549A5-6B7E-4B93-829A-56347CB59891}.Debug|Any CPU.Build.0 = Debug|Any CPU
		{7BE549A5-6B7E-4B93-829A-56347CB59891}.Release|Any CPU.ActiveCfg = Release|Any CPU
		{7BE549A5-6B7E-4B93-829A-56347CB59891}.Release|Any CPU.Build.0 = Release|Any CPU
	EndGlobalSection
	GlobalSection(SolutionProperties) = preSolution
		HideSolutionNode = FALSE
	EndGlobalSection
	GlobalSection(ExtensibilityGlobals) = postSolution
		SolutionGuid = {FB54DA55-D7E8-4D58-9766-293D5ACA946F}
	EndGlobalSection
EndGlobal
