
Microsoft Visual Studio Solution File, Format Version 12.00
# Visual Studio Version 16
VisualStudioVersion = 16.0.30503.244
MinimumVisualStudioVersion = 10.0.40219.1
Project("{FAE04EC0-301F-11D3-BF4B-00C04F79EFBC}") = "SensorBlazor.Server", "Server\SensorBlazor.Server.csproj", "{50C2A568-368E-4ECB-9F1E-010F1105D74A}"
EndProject
Project("{FAE04EC0-301F-11D3-BF4B-00C04F79EFBC}") = "SensorBlazor.Client", "Client\SensorBlazor.Client.csproj", "{1EC09F12-DCCB-4458-A144-199262AB5587}"
EndProject
Project("{FAE04EC0-301F-11D3-BF4B-00C04F79EFBC}") = "SensorBlazor.Shared", "Shared\SensorBlazor.Shared.csproj", "{7DAFC154-36F8-4BD7-8CDB-FF2B3AF8A886}"
EndProject
Global
	GlobalSection(SolutionConfigurationPlatforms) = preSolution
		Debug|Any CPU = Debug|Any CPU
		Release|Any CPU = Release|Any CPU
	EndGlobalSection
	GlobalSection(ProjectConfigurationPlatforms) = postSolution
		{50C2A568-368E-4ECB-9F1E-010F1105D74A}.Debug|Any CPU.ActiveCfg = Debug|Any CPU
		{50C2A568-368E-4ECB-9F1E-010F1105D74A}.Debug|Any CPU.Build.0 = Debug|Any CPU
		{50C2A568-368E-4ECB-9F1E-010F1105D74A}.Release|Any CPU.ActiveCfg = Release|Any CPU
		{50C2A568-368E-4ECB-9F1E-010F1105D74A}.Release|Any CPU.Build.0 = Release|Any CPU
		{1EC09F12-DCCB-4458-A144-199262AB5587}.Debug|Any CPU.ActiveCfg = Debug|Any CPU
		{1EC09F12-DCCB-4458-A144-199262AB5587}.Debug|Any CPU.Build.0 = Debug|Any CPU
		{1EC09F12-DCCB-4458-A144-199262AB5587}.Release|Any CPU.ActiveCfg = Release|Any CPU
		{1EC09F12-DCCB-4458-A144-199262AB5587}.Release|Any CPU.Build.0 = Release|Any CPU
		{7DAFC154-36F8-4BD7-8CDB-FF2B3AF8A886}.Debug|Any CPU.ActiveCfg = Debug|Any CPU
		{7DAFC154-36F8-4BD7-8CDB-FF2B3AF8A886}.Debug|Any CPU.Build.0 = Debug|Any CPU
		{7DAFC154-36F8-4BD7-8CDB-FF2B3AF8A886}.Release|Any CPU.ActiveCfg = Release|Any CPU
		{7DAFC154-36F8-4BD7-8CDB-FF2B3AF8A886}.Release|Any CPU.Build.0 = Release|Any CPU
	EndGlobalSection
	GlobalSection(SolutionProperties) = preSolution
		HideSolutionNode = FALSE
	EndGlobalSection
	GlobalSection(ExtensibilityGlobals) = postSolution
		SolutionGuid = {E19911C9-1C7F-4791-8AA5-3728A6ECC2B8}
	EndGlobalSection
EndGlobal
